
Microsoft Visual Studio Solution File, Format Version 12.00
# Visual Studio Version 17
VisualStudioVersion = 17.10.35027.167
MinimumVisualStudioVersion = 10.0.40219.1
Project("{9A19103F-16F7-4668-BE54-9A1E7A4F7556}") = "Web", "src\Web\Web.csproj", "{8E0B10A5-D836-441C-BCD3-175DF2BCA3B3}"
EndProject
Project("{9A19103F-16F7-4668-BE54-9A1E7A4F7556}") = "Domain", "src\Domain\Domain.csproj", "{CA9CC23F-15F0-4CEE-AAE3-19B80CE577FA}"
EndProject
Project("{9A19103F-16F7-4668-BE54-9A1E7A4F7556}") = "Infrastructure", "src\Infrastructure\Infrastructure.csproj", "{0312C114-D590-4583-B857-041B61F38C84}"
EndProject
Project("{9A19103F-16F7-4668-BE54-9A1E7A4F7556}") = "Application", "src\Application\Application.csproj", "{7D434973-1C95-406F-995A-62F2CB751D40}"
EndProject
Project("{2150E333-8FDC-42A3-9474-1A3956D46DE8}") = "scripts", "scripts", "{465FF4EC-5F50-4CC8-AF8D-60188E0C0C49}"
	ProjectSection(SolutionItems) = preProject
		scripts\add-migration.ps1 = scripts\add-migration.ps1
		scripts\update-database.ps1 = scripts\update-database.ps1
	EndProjectSection
EndProject
Project("{2150E333-8FDC-42A3-9474-1A3956D46DE8}") = "src", "src", "{607C1832-DA18-41A5-B81E-E4AC53D3782C}"
EndProject
Project("{9A19103F-16F7-4668-BE54-9A1E7A4F7556}") = "Exceptions", "..\src\Kogan.Mobile\Exceptions\Exceptions.csproj", "{60092AB5-0976-48F6-8B14-33F334036992}"
EndProject
Project("{2150E333-8FDC-42A3-9474-1A3956D46DE8}") = "assets", "assets", "{FDE1705C-5D15-4730-AD8E-F7DFAC2B83DA}"
	ProjectSection(SolutionItems) = preProject
		LoadBatchCommandFromFile.txt = LoadBatchCommandFromFile.txt
	EndProjectSection
EndProject
Global
	GlobalSection(SolutionConfigurationPlatforms) = preSolution
		Debug|Any CPU = Debug|Any CPU
		Release|Any CPU = Release|Any CPU
	EndGlobalSection
	GlobalSection(ProjectConfigurationPlatforms) = postSolution
		{8E0B10A5-D836-441C-BCD3-175DF2BCA3B3}.Debug|Any CPU.ActiveCfg = Debug|Any CPU
		{8E0B10A5-D836-441C-BCD3-175DF2BCA3B3}.Debug|Any CPU.Build.0 = Debug|Any CPU
		{8E0B10A5-D836-441C-BCD3-175DF2BCA3B3}.Release|Any CPU.ActiveCfg = Release|Any CPU
		{8E0B10A5-D836-441C-BCD3-175DF2BCA3B3}.Release|Any CPU.Build.0 = Release|Any CPU
		{CA9CC23F-15F0-4CEE-AAE3-19B80CE577FA}.Debug|Any CPU.ActiveCfg = Debug|Any CPU
		{CA9CC23F-15F0-4CEE-AAE3-19B80CE577FA}.Debug|Any CPU.Build.0 = Debug|Any CPU
		{CA9CC23F-15F0-4CEE-AAE3-19B80CE577FA}.Release|Any CPU.ActiveCfg = Release|Any CPU
		{CA9CC23F-15F0-4CEE-AAE3-19B80CE577FA}.Release|Any CPU.Build.0 = Release|Any CPU
		{0312C114-D590-4583-B857-041B61F38C84}.Debug|Any CPU.ActiveCfg = Debug|Any CPU
		{0312C114-D590-4583-B857-041B61F38C84}.Debug|Any CPU.Build.0 = Debug|Any CPU
		{0312C114-D590-4583-B857-041B61F38C84}.Release|Any CPU.ActiveCfg = Release|Any CPU
		{0312C114-D590-4583-B857-041B61F38C84}.Release|Any CPU.Build.0 = Release|Any CPU
		{7D434973-1C95-406F-995A-62F2CB751D40}.Debug|Any CPU.ActiveCfg = Debug|Any CPU
		{7D434973-1C95-406F-995A-62F2CB751D40}.Debug|Any CPU.Build.0 = Debug|Any CPU
		{7D434973-1C95-406F-995A-62F2CB751D40}.Release|Any CPU.ActiveCfg = Release|Any CPU
		{7D434973-1C95-406F-995A-62F2CB751D40}.Release|Any CPU.Build.0 = Release|Any CPU
		{60092AB5-0976-48F6-8B14-33F334036992}.Debug|Any CPU.ActiveCfg = Debug|Any CPU
		{60092AB5-0976-48F6-8B14-33F334036992}.Debug|Any CPU.Build.0 = Debug|Any CPU
		{60092AB5-0976-48F6-8B14-33F334036992}.Release|Any CPU.ActiveCfg = Release|Any CPU
		{60092AB5-0976-48F6-8B14-33F334036992}.Release|Any CPU.Build.0 = Release|Any CPU
	EndGlobalSection
	GlobalSection(SolutionProperties) = preSolution
		HideSolutionNode = FALSE
	EndGlobalSection
	GlobalSection(NestedProjects) = preSolution
		{8E0B10A5-D836-441C-BCD3-175DF2BCA3B3} = {607C1832-DA18-41A5-B81E-E4AC53D3782C}
		{CA9CC23F-15F0-4CEE-AAE3-19B80CE577FA} = {607C1832-DA18-41A5-B81E-E4AC53D3782C}
		{0312C114-D590-4583-B857-041B61F38C84} = {607C1832-DA18-41A5-B81E-E4AC53D3782C}
		{7D434973-1C95-406F-995A-62F2CB751D40} = {607C1832-DA18-41A5-B81E-E4AC53D3782C}
		{60092AB5-0976-48F6-8B14-33F334036992} = {607C1832-DA18-41A5-B81E-E4AC53D3782C}
	EndGlobalSection
	GlobalSection(ExtensibilityGlobals) = postSolution
		SolutionGuid = {2374C525-1C83-4CEB-8B92-75139FF6A850}
	EndGlobalSection
EndGlobal
